{
  "version": 4,
  "terraform_version": "1.0.10",
  "serial": 340,
  "lineage": "70e63d54-213a-60c5-cf78-ac23173e53ae",
  "outputs": {},
  "resources": [
    {
      "mode": "managed",
      "type": "azurerm_automation_account",
      "name": "aa1",
      "provider": "provider[\"registry.terraform.io/hashicorp/azurerm\"]",
      "instances": [
        {
          "schema_version": 0,
          "attributes": {
            "dsc_primary_access_key": "UFfHA7BHntrpf9piYOHSSHF9QzqOIaagoLzuRFlXUwaPDoMJLtzjCl46InjWORr3+Vp0tIaqeBNqu23uMRN2jQ==",
            "dsc_secondary_access_key": "Eobab80m9AI/JDtm6jH/C4HLp+7PnB5rKEoruwhnOp+RrasgIjELMxxMvFlfTJAUIkwaXpfR0Dxpg9SF/dblsA==",
            "dsc_server_endpoint": "https://069acfc4-1183-438e-bd30-862b8957b0fc.agentsvc.ae.azure-automation.net/accounts/069acfc4-1183-438e-bd30-862b8957b0fc",
            "id": "/subscriptions/e7142aa2-8cc8-4528-b394-c5510eb39dec/resourceGroups/ProjectFYP/providers/Microsoft.Automation/automationAccounts/ProjectFYP2022",
            "location": "australiaeast",
            "name": "ProjectFYP2022",
            "resource_group_name": "ProjectFYP",
            "sku_name": "Basic",
            "tags": null,
            "timeouts": null
          },
          "sensitive_attributes": [],
          "private": "eyJlMmJmYjczMC1lY2FhLTExZTYtOGY4OC0zNDM2M2JjN2M0YzAiOnsiY3JlYXRlIjoxODAwMDAwMDAwMDAwLCJkZWxldGUiOjE4MDAwMDAwMDAwMDAsInJlYWQiOjMwMDAwMDAwMDAwMCwidXBkYXRlIjoxODAwMDAwMDAwMDAwfX0=",
          "dependencies": [
            "azurerm_resource_group.rg1"
          ]
        }
      ]
    },
    {
      "mode": "managed",
      "type": "azurerm_log_analytics_workspace",
      "name": "law1",
      "provider": "provider[\"registry.terraform.io/hashicorp/azurerm\"]",
      "instances": [
        {
          "schema_version": 2,
          "attributes": {
            "daily_quota_gb": -1,
            "id": "/subscriptions/e7142aa2-8cc8-4528-b394-c5510eb39dec/resourceGroups/ProjectFYP/providers/Microsoft.OperationalInsights/workspaces/ProjectFYPWorkspace",
            "internet_ingestion_enabled": true,
            "internet_query_enabled": true,
            "location": "australiaeast",
            "name": "ProjectFYPWorkspace",
            "portal_url": "",
            "primary_shared_key": "y1KiCt8+5HbnpdzCQBOLT8vHIsyEvrX7N66umSaeFhAOsSVXLfb1tWZQcBmSsE/LmxlKzI9TL4Qbc3RvVEgqOQ==",
            "reservation_capcity_in_gb_per_day": null,
            "resource_group_name": "ProjectFYP",
            "retention_in_days": 30,
            "secondary_shared_key": "mdYpSsQ1aWAb+SGQbTEtBYYnEbErcTYR/858uP4K4n6ve/OAYH8Njalj01nvhFWmecvMTvhAy40TGJ407dLFXw==",
            "sku": "pergb2018",
            "tags": null,
            "timeouts": null,
            "workspace_id": "f0d54c5a-49bf-4c14-bfbb-8c6612d630e3"
          },
          "sensitive_attributes": [],
          "private": "eyJlMmJmYjczMC1lY2FhLTExZTYtOGY4OC0zNDM2M2JjN2M0YzAiOnsiY3JlYXRlIjoxODAwMDAwMDAwMDAwLCJkZWxldGUiOjE4MDAwMDAwMDAwMDAsInJlYWQiOjMwMDAwMDAwMDAwMCwidXBkYXRlIjoxODAwMDAwMDAwMDAwfSwic2NoZW1hX3ZlcnNpb24iOiIyIn0=",
          "dependencies": [
            "azurerm_resource_group.rg1"
          ]
        }
      ]
    },
    {
      "mode": "managed",
      "type": "azurerm_network_interface",
      "name": "nic1",
      "provider": "provider[\"registry.terraform.io/hashicorp/azurerm\"]",
      "instances": [
        {
          "schema_version": 0,
          "attributes": {
            "applied_dns_servers": [],
            "dns_servers": [],
            "enable_accelerated_networking": false,
            "enable_ip_forwarding": false,
            "id": "/subscriptions/e7142aa2-8cc8-4528-b394-c5510eb39dec/resourceGroups/ProjectFYP/providers/Microsoft.Network/networkInterfaces/FYPNic",
            "internal_dns_name_label": "",
            "internal_domain_name_suffix": "4smg1fylaepu5flqoujekv00ub.px.internal.cloudapp.net",
            "ip_configuration": [
              {
                "gateway_load_balancer_frontend_ip_configuration_id": "",
                "name": "internal",
                "primary": true,
                "private_ip_address": "10.0.1.6",
                "private_ip_address_allocation": "Dynamic",
                "private_ip_address_version": "IPv4",
                "public_ip_address_id": "/subscriptions/e7142aa2-8cc8-4528-b394-c5510eb39dec/resourceGroups/ProjectFYP/providers/Microsoft.Network/publicIPAddresses/FYP1pip1",
                "subnet_id": "/subscriptions/e7142aa2-8cc8-4528-b394-c5510eb39dec/resourceGroups/ProjectFYP/providers/Microsoft.Network/virtualNetworks/vNet/subnets/internal"
              }
            ],
            "location": "australiaeast",
            "mac_address": "",
            "name": "FYPNic",
            "private_ip_address": "10.0.1.6",
            "private_ip_addresses": [
              "10.0.1.6"
            ],
            "resource_group_name": "ProjectFYP",
            "tags": null,
            "timeouts": null,
            "virtual_machine_id": ""
          },
          "sensitive_attributes": [],
          "private": "eyJlMmJmYjczMC1lY2FhLTExZTYtOGY4OC0zNDM2M2JjN2M0YzAiOnsiY3JlYXRlIjoxODAwMDAwMDAwMDAwLCJkZWxldGUiOjE4MDAwMDAwMDAwMDAsInJlYWQiOjMwMDAwMDAwMDAwMCwidXBkYXRlIjoxODAwMDAwMDAwMDAwfX0=",
          "dependencies": [
            "azurerm_public_ip.FYPvm1publicip",
            "azurerm_resource_group.rg1",
            "azurerm_subnet.subnet",
            "azurerm_virtual_network.vnet"
          ]
        }
      ]
    },
    {
      "mode": "managed",
      "type": "azurerm_network_interface",
      "name": "nic2",
      "provider": "provider[\"registry.terraform.io/hashicorp/azurerm\"]",
      "instances": [
        {
          "schema_version": 0,
          "attributes": {
            "applied_dns_servers": [],
            "dns_servers": [],
            "enable_accelerated_networking": false,
            "enable_ip_forwarding": false,
            "id": "/subscriptions/e7142aa2-8cc8-4528-b394-c5510eb39dec/resourceGroups/ProjectFYP/providers/Microsoft.Network/networkInterfaces/FYPNic2",
            "internal_dns_name_label": "",
            "internal_domain_name_suffix": "4smg1fylaepu5flqoujekv00ub.px.internal.cloudapp.net",
            "ip_configuration": [
              {
                "gateway_load_balancer_frontend_ip_configuration_id": "",
                "name": "internal",
                "primary": true,
                "private_ip_address": "10.0.1.4",
                "private_ip_address_allocation": "Dynamic",
                "private_ip_address_version": "IPv4",
                "public_ip_address_id": "/subscriptions/e7142aa2-8cc8-4528-b394-c5510eb39dec/resourceGroups/ProjectFYP/providers/Microsoft.Network/publicIPAddresses/FYP2pip1",
                "subnet_id": "/subscriptions/e7142aa2-8cc8-4528-b394-c5510eb39dec/resourceGroups/ProjectFYP/providers/Microsoft.Network/virtualNetworks/vNet/subnets/internal"
              }
            ],
            "location": "australiaeast",
            "mac_address": "",
            "name": "FYPNic2",
            "private_ip_address": "10.0.1.4",
            "private_ip_addresses": [
              "10.0.1.4"
            ],
            "resource_group_name": "ProjectFYP",
            "tags": null,
            "timeouts": null,
            "virtual_machine_id": ""
          },
          "sensitive_attributes": [],
          "private": "eyJlMmJmYjczMC1lY2FhLTExZTYtOGY4OC0zNDM2M2JjN2M0YzAiOnsiY3JlYXRlIjoxODAwMDAwMDAwMDAwLCJkZWxldGUiOjE4MDAwMDAwMDAwMDAsInJlYWQiOjMwMDAwMDAwMDAwMCwidXBkYXRlIjoxODAwMDAwMDAwMDAwfX0=",
          "dependencies": [
            "azurerm_public_ip.FYPvm2publicip",
            "azurerm_resource_group.rg1",
            "azurerm_subnet.subnet",
            "azurerm_virtual_network.vnet"
          ]
        }
      ]
    },
    {
      "mode": "managed",
      "type": "azurerm_network_interface",
      "name": "nic3",
      "provider": "provider[\"registry.terraform.io/hashicorp/azurerm\"]",
      "instances": [
        {
          "schema_version": 0,
          "attributes": {
            "applied_dns_servers": [],
            "dns_servers": [],
            "enable_accelerated_networking": false,
            "enable_ip_forwarding": false,
            "id": "/subscriptions/e7142aa2-8cc8-4528-b394-c5510eb39dec/resourceGroups/ProjectFYP/providers/Microsoft.Network/networkInterfaces/FYPNic3",
            "internal_dns_name_label": "",
            "internal_domain_name_suffix": "4smg1fylaepu5flqoujekv00ub.px.internal.cloudapp.net",
            "ip_configuration": [
              {
                "gateway_load_balancer_frontend_ip_configuration_id": "",
                "name": "internal",
                "primary": true,
                "private_ip_address": "10.0.1.5",
                "private_ip_address_allocation": "Dynamic",
                "private_ip_address_version": "IPv4",
                "public_ip_address_id": "/subscriptions/e7142aa2-8cc8-4528-b394-c5510eb39dec/resourceGroups/ProjectFYP/providers/Microsoft.Network/publicIPAddresses/FYP3pip1",
                "subnet_id": "/subscriptions/e7142aa2-8cc8-4528-b394-c5510eb39dec/resourceGroups/ProjectFYP/providers/Microsoft.Network/virtualNetworks/vNet/subnets/internal"
              }
            ],
            "location": "australiaeast",
            "mac_address": "",
            "name": "FYPNic3",
            "private_ip_address": "10.0.1.5",
            "private_ip_addresses": [
              "10.0.1.5"
            ],
            "resource_group_name": "ProjectFYP",
            "tags": null,
            "timeouts": null,
            "virtual_machine_id": ""
          },
          "sensitive_attributes": [],
          "private": "eyJlMmJmYjczMC1lY2FhLTExZTYtOGY4OC0zNDM2M2JjN2M0YzAiOnsiY3JlYXRlIjoxODAwMDAwMDAwMDAwLCJkZWxldGUiOjE4MDAwMDAwMDAwMDAsInJlYWQiOjMwMDAwMDAwMDAwMCwidXBkYXRlIjoxODAwMDAwMDAwMDAwfX0=",
          "dependencies": [
            "azurerm_public_ip.FYPvm3publicip",
            "azurerm_resource_group.rg1",
            "azurerm_subnet.subnet",
            "azurerm_virtual_network.vnet"
          ]
        }
      ]
    },
    {
      "mode": "managed",
      "type": "azurerm_network_security_group",
      "name": "nsg1",
      "provider": "provider[\"registry.terraform.io/hashicorp/azurerm\"]",
      "instances": [
        {
          "schema_version": 0,
          "attributes": {
            "id": "/subscriptions/e7142aa2-8cc8-4528-b394-c5510eb39dec/resourceGroups/ProjectFYP/providers/Microsoft.Network/networkSecurityGroups/FYPNetworkSecurityGroup",
            "location": "australiaeast",
            "name": "FYPNetworkSecurityGroup",
            "resource_group_name": "ProjectFYP",
            "security_rule": [
              {
                "access": "Allow",
                "description": "",
                "destination_address_prefix": "*",
                "destination_address_prefixes": [],
                "destination_application_security_group_ids": [],
                "destination_port_range": "*",
                "destination_port_ranges": [],
                "direction": "Inbound",
                "name": "AllowConnections",
                "priority": 100,
                "protocol": "Tcp",
                "source_address_prefix": "*",
                "source_address_prefixes": [],
                "source_application_security_group_ids": [],
                "source_port_range": "*",
                "source_port_ranges": []
              }
            ],
            "tags": null,
            "timeouts": null
          },
          "sensitive_attributes": [],
          "private": "eyJlMmJmYjczMC1lY2FhLTExZTYtOGY4OC0zNDM2M2JjN2M0YzAiOnsiY3JlYXRlIjoxODAwMDAwMDAwMDAwLCJkZWxldGUiOjE4MDAwMDAwMDAwMDAsInJlYWQiOjMwMDAwMDAwMDAwMCwidXBkYXRlIjoxODAwMDAwMDAwMDAwfX0=",
          "dependencies": [
            "azurerm_resource_group.rg1"
          ]
        }
      ]
    },
    {
      "mode": "managed",
      "type": "azurerm_public_ip",
      "name": "FYPvm1publicip",
      "provider": "provider[\"registry.terraform.io/hashicorp/azurerm\"]",
      "instances": [
        {
          "schema_version": 0,
          "attributes": {
            "allocation_method": "Static",
            "availability_zone": "No-Zone",
            "domain_name_label": null,
            "fqdn": null,
            "id": "/subscriptions/e7142aa2-8cc8-4528-b394-c5510eb39dec/resourceGroups/ProjectFYP/providers/Microsoft.Network/publicIPAddresses/FYP1pip1",
            "idle_timeout_in_minutes": 4,
            "ip_address": "20.211.187.111",
            "ip_tags": null,
            "ip_version": "IPv4",
            "location": "australiaeast",
            "name": "FYP1pip1",
            "public_ip_prefix_id": null,
            "resource_group_name": "ProjectFYP",
            "reverse_fqdn": null,
            "sku": "Basic",
            "sku_tier": "Regional",
            "tags": null,
            "timeouts": null,
            "zones": []
          },
          "sensitive_attributes": [],
          "private": "eyJlMmJmYjczMC1lY2FhLTExZTYtOGY4OC0zNDM2M2JjN2M0YzAiOnsiY3JlYXRlIjoxODAwMDAwMDAwMDAwLCJkZWxldGUiOjE4MDAwMDAwMDAwMDAsInJlYWQiOjMwMDAwMDAwMDAwMCwidXBkYXRlIjoxODAwMDAwMDAwMDAwfX0=",
          "dependencies": [
            "azurerm_resource_group.rg1"
          ]
        }
      ]
    },
    {
      "mode": "managed",
      "type": "azurerm_public_ip",
      "name": "FYPvm2publicip",
      "provider": "provider[\"registry.terraform.io/hashicorp/azurerm\"]",
      "instances": [
        {
          "schema_version": 0,
          "attributes": {
            "allocation_method": "Static",
            "availability_zone": "No-Zone",
            "domain_name_label": null,
            "fqdn": null,
            "id": "/subscriptions/e7142aa2-8cc8-4528-b394-c5510eb39dec/resourceGroups/ProjectFYP/providers/Microsoft.Network/publicIPAddresses/FYP2pip1",
            "idle_timeout_in_minutes": 4,
            "ip_address": "20.92.118.89",
            "ip_tags": null,
            "ip_version": "IPv4",
            "location": "australiaeast",
            "name": "FYP2pip1",
            "public_ip_prefix_id": null,
            "resource_group_name": "ProjectFYP",
            "reverse_fqdn": null,
            "sku": "Basic",
            "sku_tier": "Regional",
            "tags": null,
            "timeouts": null,
            "zones": []
          },
          "sensitive_attributes": [],
          "private": "eyJlMmJmYjczMC1lY2FhLTExZTYtOGY4OC0zNDM2M2JjN2M0YzAiOnsiY3JlYXRlIjoxODAwMDAwMDAwMDAwLCJkZWxldGUiOjE4MDAwMDAwMDAwMDAsInJlYWQiOjMwMDAwMDAwMDAwMCwidXBkYXRlIjoxODAwMDAwMDAwMDAwfX0=",
          "dependencies": [
            "azurerm_resource_group.rg1"
          ]
        }
      ]
    },
    {
      "mode": "managed",
      "type": "azurerm_public_ip",
      "name": "FYPvm3publicip",
      "provider": "provider[\"registry.terraform.io/hashicorp/azurerm\"]",
      "instances": [
        {
          "schema_version": 0,
          "attributes": {
            "allocation_method": "Static",
            "availability_zone": "No-Zone",
            "domain_name_label": null,
            "fqdn": null,
            "id": "/subscriptions/e7142aa2-8cc8-4528-b394-c5510eb39dec/resourceGroups/ProjectFYP/providers/Microsoft.Network/publicIPAddresses/FYP3pip1",
            "idle_timeout_in_minutes": 4,
            "ip_address": "20.211.191.172",
            "ip_tags": null,
            "ip_version": "IPv4",
            "location": "australiaeast",
            "name": "FYP3pip1",
            "public_ip_prefix_id": null,
            "resource_group_name": "ProjectFYP",
            "reverse_fqdn": null,
            "sku": "Basic",
            "sku_tier": "Regional",
            "tags": null,
            "timeouts": null,
            "zones": []
          },
          "sensitive_attributes": [],
          "private": "eyJlMmJmYjczMC1lY2FhLTExZTYtOGY4OC0zNDM2M2JjN2M0YzAiOnsiY3JlYXRlIjoxODAwMDAwMDAwMDAwLCJkZWxldGUiOjE4MDAwMDAwMDAwMDAsInJlYWQiOjMwMDAwMDAwMDAwMCwidXBkYXRlIjoxODAwMDAwMDAwMDAwfX0=",
          "dependencies": [
            "azurerm_resource_group.rg1"
          ]
        }
      ]
    },
    {
      "mode": "managed",
      "type": "azurerm_resource_group",
      "name": "rg1",
      "provider": "provider[\"registry.terraform.io/hashicorp/azurerm\"]",
      "instances": [
        {
          "schema_version": 0,
          "attributes": {
            "id": "/subscriptions/e7142aa2-8cc8-4528-b394-c5510eb39dec/resourceGroups/ProjectFYP",
            "location": "australiaeast",
            "name": "ProjectFYP",
            "tags": null,
            "timeouts": null
          },
          "sensitive_attributes": [],
          "private": "eyJlMmJmYjczMC1lY2FhLTExZTYtOGY4OC0zNDM2M2JjN2M0YzAiOnsiY3JlYXRlIjo1NDAwMDAwMDAwMDAwLCJkZWxldGUiOjU0MDAwMDAwMDAwMDAsInJlYWQiOjMwMDAwMDAwMDAwMCwidXBkYXRlIjo1NDAwMDAwMDAwMDAwfX0="
        }
      ]
    },
    {
      "mode": "managed",
      "type": "azurerm_subnet",
      "name": "subnet",
      "provider": "provider[\"registry.terraform.io/hashicorp/azurerm\"]",
      "instances": [
        {
          "schema_version": 0,
          "attributes": {
            "address_prefix": "10.0.1.0/24",
            "address_prefixes": [
              "10.0.1.0/24"
            ],
            "delegation": [],
            "enforce_private_link_endpoint_network_policies": false,
            "enforce_private_link_service_network_policies": false,
            "id": "/subscriptions/e7142aa2-8cc8-4528-b394-c5510eb39dec/resourceGroups/ProjectFYP/providers/Microsoft.Network/virtualNetworks/vNet/subnets/internal",
            "name": "internal",
            "resource_group_name": "ProjectFYP",
            "service_endpoint_policy_ids": null,
            "service_endpoints": null,
            "timeouts": null,
            "virtual_network_name": "vNet"
          },
          "sensitive_attributes": [],
          "private": "eyJlMmJmYjczMC1lY2FhLTExZTYtOGY4OC0zNDM2M2JjN2M0YzAiOnsiY3JlYXRlIjoxODAwMDAwMDAwMDAwLCJkZWxldGUiOjE4MDAwMDAwMDAwMDAsInJlYWQiOjMwMDAwMDAwMDAwMCwidXBkYXRlIjoxODAwMDAwMDAwMDAwfX0=",
          "dependencies": [
            "azurerm_resource_group.rg1",
            "azurerm_virtual_network.vnet"
          ]
        }
      ]
    },
    {
      "mode": "managed",
      "type": "azurerm_virtual_machine",
      "name": "VM1",
      "provider": "provider[\"registry.terraform.io/hashicorp/azurerm\"]",
      "instances": [
        {
          "schema_version": 0,
          "attributes": {
            "additional_capabilities": [],
            "availability_set_id": null,
            "boot_diagnostics": [],
            "delete_data_disks_on_termination": false,
            "delete_os_disk_on_termination": false,
            "id": "/subscriptions/e7142aa2-8cc8-4528-b394-c5510eb39dec/resourceGroups/ProjectFYP/providers/Microsoft.Compute/virtualMachines/FYPVM1",
            "identity": [],
            "license_type": null,
            "location": "australiaeast",
            "name": "FYPVM1",
            "network_interface_ids": [
              "/subscriptions/e7142aa2-8cc8-4528-b394-c5510eb39dec/resourceGroups/ProjectFYP/providers/Microsoft.Network/networkInterfaces/FYPNic"
            ],
            "os_profile": [
              {
                "admin_password": "",
                "admin_username": "VimalFYP",
                "computer_name": "FYP1",
                "custom_data": ""
              }
            ],
            "os_profile_linux_config": [],
            "os_profile_secrets": [],
            "os_profile_windows_config": [
              {
                "additional_unattend_config": [],
                "enable_automatic_upgrades": false,
                "provision_vm_agent": true,
                "timezone": "",
                "winrm": []
              }
            ],
            "plan": [],
            "primary_network_interface_id": null,
            "proximity_placement_group_id": null,
            "resource_group_name": "ProjectFYP",
            "storage_data_disk": [],
            "storage_image_reference": [
              {
                "id": "",
                "offer": "WindowsServer",
                "publisher": "MicrosoftWindowsServer",
                "sku": "2016-Datacenter",
                "version": "latest"
              }
            ],
            "storage_os_disk": [
              {
                "caching": "ReadWrite",
                "create_option": "FromImage",
                "disk_size_gb": 127,
                "image_uri": "",
                "managed_disk_id": "/subscriptions/e7142aa2-8cc8-4528-b394-c5510eb39dec/resourceGroups/ProjectFYP/providers/Microsoft.Compute/disks/myosdisk1",
                "managed_disk_type": "Standard_LRS",
                "name": "myosdisk1",
                "os_type": "Windows",
                "vhd_uri": "",
                "write_accelerator_enabled": false
              }
            ],
            "tags": null,
            "timeouts": null,
            "vm_size": "Standard_B1ms",
            "zones": null
          },
          "sensitive_attributes": [],
          "private": "eyJlMmJmYjczMC1lY2FhLTExZTYtOGY4OC0zNDM2M2JjN2M0YzAiOnsiY3JlYXRlIjozNjAwMDAwMDAwMDAwLCJkZWxldGUiOjM2MDAwMDAwMDAwMDAsInJlYWQiOjMwMDAwMDAwMDAwMCwidXBkYXRlIjozNjAwMDAwMDAwMDAwfX0=",
          "dependencies": [
            "azurerm_network_interface.nic1",
            "azurerm_public_ip.FYPvm1publicip",
            "azurerm_resource_group.rg1",
            "azurerm_subnet.subnet",
            "azurerm_virtual_network.vnet"
          ]
        }
      ]
    },
    {
      "mode": "managed",
      "type": "azurerm_virtual_machine",
      "name": "VM2",
      "provider": "provider[\"registry.terraform.io/hashicorp/azurerm\"]",
      "instances": [
        {
          "schema_version": 0,
          "attributes": {
            "additional_capabilities": [],
            "availability_set_id": null,
            "boot_diagnostics": [],
            "delete_data_disks_on_termination": false,
            "delete_os_disk_on_termination": false,
            "id": "/subscriptions/e7142aa2-8cc8-4528-b394-c5510eb39dec/resourceGroups/ProjectFYP/providers/Microsoft.Compute/virtualMachines/FYPVM2",
            "identity": [],
            "license_type": null,
            "location": "australiaeast",
            "name": "FYPVM2",
            "network_interface_ids": [
              "/subscriptions/e7142aa2-8cc8-4528-b394-c5510eb39dec/resourceGroups/ProjectFYP/providers/Microsoft.Network/networkInterfaces/FYPNic2"
            ],
            "os_profile": [
              {
                "admin_password": "",
                "admin_username": "VimalFYP",
                "computer_name": "FYP2",
                "custom_data": ""
              }
            ],
            "os_profile_linux_config": [],
            "os_profile_secrets": [],
            "os_profile_windows_config": [
              {
                "additional_unattend_config": [],
                "enable_automatic_upgrades": false,
                "provision_vm_agent": true,
                "timezone": "",
                "winrm": []
              }
            ],
            "plan": [],
            "primary_network_interface_id": null,
            "proximity_placement_group_id": null,
            "resource_group_name": "ProjectFYP",
            "storage_data_disk": [],
            "storage_image_reference": [
              {
                "id": "",
                "offer": "WindowsServer",
                "publisher": "MicrosoftWindowsServer",
                "sku": "2016-Datacenter",
                "version": "latest"
              }
            ],
            "storage_os_disk": [
              {
                "caching": "ReadWrite",
                "create_option": "FromImage",
                "disk_size_gb": 127,
                "image_uri": "",
                "managed_disk_id": "/subscriptions/e7142aa2-8cc8-4528-b394-c5510eb39dec/resourceGroups/ProjectFYP/providers/Microsoft.Compute/disks/myosdisk2",
                "managed_disk_type": "Standard_LRS",
                "name": "myosdisk2",
                "os_type": "Windows",
                "vhd_uri": "",
                "write_accelerator_enabled": false
              }
            ],
            "tags": null,
            "timeouts": null,
            "vm_size": "Standard_B1ms",
            "zones": null
          },
          "sensitive_attributes": [],
          "private": "eyJlMmJmYjczMC1lY2FhLTExZTYtOGY4OC0zNDM2M2JjN2M0YzAiOnsiY3JlYXRlIjozNjAwMDAwMDAwMDAwLCJkZWxldGUiOjM2MDAwMDAwMDAwMDAsInJlYWQiOjMwMDAwMDAwMDAwMCwidXBkYXRlIjozNjAwMDAwMDAwMDAwfX0=",
          "dependencies": [
            "azurerm_network_interface.nic2",
            "azurerm_public_ip.FYPvm2publicip",
            "azurerm_resource_group.rg1",
            "azurerm_subnet.subnet",
            "azurerm_virtual_network.vnet"
          ]
        }
      ]
    },
    {
      "mode": "managed",
      "type": "azurerm_virtual_machine",
      "name": "VM3",
      "provider": "provider[\"registry.terraform.io/hashicorp/azurerm\"]",
      "instances": [
        {
          "schema_version": 0,
          "attributes": {
            "additional_capabilities": [],
            "availability_set_id": null,
            "boot_diagnostics": [],
            "delete_data_disks_on_termination": false,
            "delete_os_disk_on_termination": false,
            "id": "/subscriptions/e7142aa2-8cc8-4528-b394-c5510eb39dec/resourceGroups/ProjectFYP/providers/Microsoft.Compute/virtualMachines/FYPVM3",
            "identity": [],
            "license_type": null,
            "location": "australiaeast",
            "name": "FYPVM3",
            "network_interface_ids": [
              "/subscriptions/e7142aa2-8cc8-4528-b394-c5510eb39dec/resourceGroups/ProjectFYP/providers/Microsoft.Network/networkInterfaces/FYPNic3"
            ],
            "os_profile": [
              {
                "admin_password": "",
                "admin_username": "VimalFYP",
                "computer_name": "FYP3",
                "custom_data": ""
              }
            ],
            "os_profile_linux_config": [],
            "os_profile_secrets": [],
            "os_profile_windows_config": [
              {
                "additional_unattend_config": [],
                "enable_automatic_upgrades": false,
                "provision_vm_agent": true,
                "timezone": "",
                "winrm": []
              }
            ],
            "plan": [],
            "primary_network_interface_id": null,
            "proximity_placement_group_id": null,
            "resource_group_name": "ProjectFYP",
            "storage_data_disk": [],
            "storage_image_reference": [
              {
                "id": "",
                "offer": "WindowsServer",
                "publisher": "MicrosoftWindowsServer",
                "sku": "2016-Datacenter",
                "version": "latest"
              }
            ],
            "storage_os_disk": [
              {
                "caching": "ReadWrite",
                "create_option": "FromImage",
                "disk_size_gb": 127,
                "image_uri": "",
                "managed_disk_id": "/subscriptions/e7142aa2-8cc8-4528-b394-c5510eb39dec/resourceGroups/ProjectFYP/providers/Microsoft.Compute/disks/myosdisk3",
                "managed_disk_type": "Standard_LRS",
                "name": "myosdisk3",
                "os_type": "Windows",
                "vhd_uri": "",
                "write_accelerator_enabled": false
              }
            ],
            "tags": null,
            "timeouts": null,
            "vm_size": "Standard_B1ms",
            "zones": null
          },
          "sensitive_attributes": [],
          "private": "eyJlMmJmYjczMC1lY2FhLTExZTYtOGY4OC0zNDM2M2JjN2M0YzAiOnsiY3JlYXRlIjozNjAwMDAwMDAwMDAwLCJkZWxldGUiOjM2MDAwMDAwMDAwMDAsInJlYWQiOjMwMDAwMDAwMDAwMCwidXBkYXRlIjozNjAwMDAwMDAwMDAwfX0=",
          "dependencies": [
            "azurerm_network_interface.nic3",
            "azurerm_public_ip.FYPvm3publicip",
            "azurerm_resource_group.rg1",
            "azurerm_subnet.subnet",
            "azurerm_virtual_network.vnet"
          ]
        }
      ]
    },
    {
      "mode": "managed",
      "type": "azurerm_virtual_network",
      "name": "vnet",
      "provider": "provider[\"registry.terraform.io/hashicorp/azurerm\"]",
      "instances": [
        {
          "schema_version": 0,
          "attributes": {
            "address_space": [
              "10.0.0.0/16"
            ],
            "bgp_community": "",
            "ddos_protection_plan": [],
            "dns_servers": [],
            "flow_timeout_in_minutes": 0,
            "guid": "976d98f4-010b-4f1f-9570-751245575aa1",
            "id": "/subscriptions/e7142aa2-8cc8-4528-b394-c5510eb39dec/resourceGroups/ProjectFYP/providers/Microsoft.Network/virtualNetworks/vNet",
            "location": "australiaeast",
            "name": "vNet",
            "resource_group_name": "ProjectFYP",
            "subnet": [],
            "tags": null,
            "timeouts": null,
            "vm_protection_enabled": false
          },
          "sensitive_attributes": [],
          "private": "eyJlMmJmYjczMC1lY2FhLTExZTYtOGY4OC0zNDM2M2JjN2M0YzAiOnsiY3JlYXRlIjoxODAwMDAwMDAwMDAwLCJkZWxldGUiOjE4MDAwMDAwMDAwMDAsInJlYWQiOjMwMDAwMDAwMDAwMCwidXBkYXRlIjoxODAwMDAwMDAwMDAwfX0=",
          "dependencies": [
            "azurerm_resource_group.rg1"
          ]
        }
      ]
    }
  ]
}
